
Microsoft Visual Studio Solution File, Format Version 12.00
# Visual Studio 2012
Project("{FAE04EC0-301F-11D3-BF4B-00C04F79EFBC}") = "TD2013SignalRReplication", "TD2013SignalRReplication\TD2013SignalRReplication.csproj", "{F7A248F6-06B8-438D-A3C8-E753328819F6}"
EndProject
Project("{2150E333-8FDC-42A3-9474-1A3956D46DE8}") = ".nuget", ".nuget", "{E1525ECA-6450-438C-85E5-47C5D0D59F0E}"
	ProjectSection(SolutionItems) = preProject
		.nuget\NuGet.Config = .nuget\NuGet.Config
		.nuget\NuGet.exe = .nuget\NuGet.exe
		.nuget\NuGet.targets = .nuget\NuGet.targets
	EndProjectSection
EndProject
Project("{2150E333-8FDC-42A3-9474-1A3956D46DE8}") = "Solution Items", "Solution Items", "{3803106C-8767-4811-8B4E-8052FDFE1223}"
	ProjectSection(SolutionItems) = preProject
		LICENSE.md = LICENSE.md
		README.md = README.md
	EndProjectSection
EndProject
Global
	GlobalSection(SolutionConfigurationPlatforms) = preSolution
		Debug|Any CPU = Debug|Any CPU
		Release|Any CPU = Release|Any CPU
	EndGlobalSection
	GlobalSection(ProjectConfigurationPlatforms) = postSolution
		{F7A248F6-06B8-438D-A3C8-E753328819F6}.Debug|Any CPU.ActiveCfg = Debug|Any CPU
		{F7A248F6-06B8-438D-A3C8-E753328819F6}.Debug|Any CPU.Build.0 = Debug|Any CPU
		{F7A248F6-06B8-438D-A3C8-E753328819F6}.Release|Any CPU.ActiveCfg = Release|Any CPU
		{F7A248F6-06B8-438D-A3C8-E753328819F6}.Release|Any CPU.Build.0 = Release|Any CPU
	EndGlobalSection
	GlobalSection(SolutionProperties) = preSolution
		HideSolutionNode = FALSE
	EndGlobalSection
EndGlobal
